
Microsoft Visual Studio Solution File, Format Version 12.00
# Visual Studio Version 16
VisualStudioVersion = 16.0.29911.84
MinimumVisualStudioVersion = 10.0.40219.1
Project("{9A19103F-16F7-4668-BE54-9A1E7A4F7556}") = "WebApplication1", "WebApplication1\WebApplication1.csproj", "{39959241-7B70-4799-B2E5-BFD1CE517407}"
EndProject
Project("{9A19103F-16F7-4668-BE54-9A1E7A4F7556}") = "Podaci", "Podaci\Podaci.csproj", "{14E4B053-4DD3-444F-99EB-8EF154ACFB53}"
EndProject
Global
	GlobalSection(SolutionConfigurationPlatforms) = preSolution
		Debug|Any CPU = Debug|Any CPU
		Release|Any CPU = Release|Any CPU
	EndGlobalSection
	GlobalSection(ProjectConfigurationPlatforms) = postSolution
		{39959241-7B70-4799-B2E5-BFD1CE517407}.Debug|Any CPU.ActiveCfg = Debug|Any CPU
		{39959241-7B70-4799-B2E5-BFD1CE517407}.Debug|Any CPU.Build.0 = Debug|Any CPU
		{39959241-7B70-4799-B2E5-BFD1CE517407}.Release|Any CPU.ActiveCfg = Release|Any CPU
		{39959241-7B70-4799-B2E5-BFD1CE517407}.Release|Any CPU.Build.0 = Release|Any CPU
		{14E4B053-4DD3-444F-99EB-8EF154ACFB53}.Debug|Any CPU.ActiveCfg = Debug|Any CPU
		{14E4B053-4DD3-444F-99EB-8EF154ACFB53}.Debug|Any CPU.Build.0 = Debug|Any CPU
		{14E4B053-4DD3-444F-99EB-8EF154ACFB53}.Release|Any CPU.ActiveCfg = Release|Any CPU
		{14E4B053-4DD3-444F-99EB-8EF154ACFB53}.Release|Any CPU.Build.0 = Release|Any CPU
	EndGlobalSection
	GlobalSection(SolutionProperties) = preSolution
		HideSolutionNode = FALSE
	EndGlobalSection
	GlobalSection(ExtensibilityGlobals) = postSolution
		SolutionGuid = {53AD6B72-79B3-4C50-A96F-6CEB50CB5EBF}
	EndGlobalSection
EndGlobal
